
Microsoft Visual Studio Solution File, Format Version 12.00
# Visual Studio Version 17
VisualStudioVersion = 17.8.34408.163
MinimumVisualStudioVersion = 10.0.40219.1
Project("{9A19103F-16F7-4668-BE54-9A1E7A4F7556}") = "WebServer", "WebServer.csproj", "{0FAD4D93-A418-45A9-B08E-DE9DA53454BE}"
EndProject
Project("{9A19103F-16F7-4668-BE54-9A1E7A4F7556}") = "GameDB", "..\GameDB\GameDB.csproj", "{165D48A8-B678-4201-B963-D14AFBBBEA54}"
EndProject
Project("{FAE04EC0-301F-11D3-BF4B-00C04F79EFBC}") = "ConsoleTest", "..\ConsoleTest\ConsoleTest.csproj", "{2F358F6A-0E91-457A-A2B6-C64C390F9345}"
EndProject
Global
	GlobalSection(SolutionConfigurationPlatforms) = preSolution
		Debug|Any CPU = Debug|Any CPU
		Release|Any CPU = Release|Any CPU
	EndGlobalSection
	GlobalSection(ProjectConfigurationPlatforms) = postSolution
		{0FAD4D93-A418-45A9-B08E-DE9DA53454BE}.Debug|Any CPU.ActiveCfg = Debug|Any CPU
		{0FAD4D93-A418-45A9-B08E-DE9DA53454BE}.Debug|Any CPU.Build.0 = Debug|Any CPU
		{0FAD4D93-A418-45A9-B08E-DE9DA53454BE}.Release|Any CPU.ActiveCfg = Release|Any CPU
		{0FAD4D93-A418-45A9-B08E-DE9DA53454BE}.Release|Any CPU.Build.0 = Release|Any CPU
		{165D48A8-B678-4201-B963-D14AFBBBEA54}.Debug|Any CPU.ActiveCfg = Debug|Any CPU
		{165D48A8-B678-4201-B963-D14AFBBBEA54}.Debug|Any CPU.Build.0 = Debug|Any CPU
		{165D48A8-B678-4201-B963-D14AFBBBEA54}.Release|Any CPU.ActiveCfg = Release|Any CPU
		{165D48A8-B678-4201-B963-D14AFBBBEA54}.Release|Any CPU.Build.0 = Release|Any CPU
		{2F358F6A-0E91-457A-A2B6-C64C390F9345}.Debug|Any CPU.ActiveCfg = Debug|Any CPU
		{2F358F6A-0E91-457A-A2B6-C64C390F9345}.Debug|Any CPU.Build.0 = Debug|Any CPU
		{2F358F6A-0E91-457A-A2B6-C64C390F9345}.Release|Any CPU.ActiveCfg = Release|Any CPU
		{2F358F6A-0E91-457A-A2B6-C64C390F9345}.Release|Any CPU.Build.0 = Release|Any CPU
	EndGlobalSection
	GlobalSection(SolutionProperties) = preSolution
		HideSolutionNode = FALSE
	EndGlobalSection
	GlobalSection(ExtensibilityGlobals) = postSolution
		SolutionGuid = {66E0EBB8-BEBB-4FF5-8BF8-C82EC8571528}
	EndGlobalSection
EndGlobal
